
Microsoft Visual Studio Solution File, Format Version 12.00
# Visual Studio 15
VisualStudioVersion = 15.0.26228.9
MinimumVisualStudioVersion = 10.0.40219.1
Project("{FAE04EC0-301F-11D3-BF4B-00C04F79EFBC}") = "LungCancer", "LungCancer\LungCancer.csproj", "{07A5473E-386C-4482-B6DC-CA6CF9B36CBC}"
EndProject
Global
	GlobalSection(SolutionConfigurationPlatforms) = preSolution
		Debug|Any CPU = Debug|Any CPU
		Release|Any CPU = Release|Any CPU
	EndGlobalSection
	GlobalSection(ProjectConfigurationPlatforms) = postSolution
		{07A5473E-386C-4482-B6DC-CA6CF9B36CBC}.Debug|Any CPU.ActiveCfg = Debug|Any CPU
		{07A5473E-386C-4482-B6DC-CA6CF9B36CBC}.Debug|Any CPU.Build.0 = Debug|Any CPU
		{07A5473E-386C-4482-B6DC-CA6CF9B36CBC}.Release|Any CPU.ActiveCfg = Release|Any CPU
		{07A5473E-386C-4482-B6DC-CA6CF9B36CBC}.Release|Any CPU.Build.0 = Release|Any CPU
	EndGlobalSection
	GlobalSection(SolutionProperties) = preSolution
		HideSolutionNode = FALSE
	EndGlobalSection
EndGlobal
